// !$*UTF8*$!
{
	archiveVersion = 1;
	classes = {
	};
	objectVersion = 46;
	objects = {

/* Begin PBXBuildFile section */
		B854126A1DE63752002DF637 /* AppDelegate.swift in Sources */ = {isa = PBXBuildFile; fileRef = B85412691DE63752002DF637 /* AppDelegate.swift */; };
		B854126C1DE63752002DF637 /* ViewController.swift in Sources */ = {isa = PBXBuildFile; fileRef = B854126B1DE63752002DF637 /* ViewController.swift */; };
		B854126F1DE63752002DF637 /* Main.storyboard in Resources */ = {isa = PBXBuildFile; fileRef = B854126D1DE63752002DF637 /* Main.storyboard */; };
		B85412711DE63752002DF637 /* Assets.xcassets in Resources */ = {isa = PBXBuildFile; fileRef = B85412701DE63752002DF637 /* Assets.xcassets */; };
		B85412741DE63752002DF637 /* LaunchScreen.storyboard in Resources */ = {isa = PBXBuildFile; fileRef = B85412721DE63752002DF637 /* LaunchScreen.storyboard */; };
		B854127C1DE69F1B002DF637 /* alex.png in Resources */ = {isa = PBXBuildFile; fileRef = B854127B1DE69F1B002DF637 /* alex.png */; };
		B85412841DE6A286002DF637 /* UserNotifications.framework in Frameworks */ = {isa = PBXBuildFile; fileRef = B85412831DE6A286002DF637 /* UserNotifications.framework */; };
		B85412861DE6A286002DF637 /* UserNotificationsUI.framework in Frameworks */ = {isa = PBXBuildFile; fileRef = B85412851DE6A286002DF637 /* UserNotificationsUI.framework */; };
		B85412891DE6A286002DF637 /* NotificationViewController.swift in Sources */ = {isa = PBXBuildFile; fileRef = B85412881DE6A286002DF637 /* NotificationViewController.swift */; };
		B854128C1DE6A286002DF637 /* MainInterface.storyboard in Resources */ = {isa = PBXBuildFile; fileRef = B854128A1DE6A286002DF637 /* MainInterface.storyboard */; };
		B85412901DE6A286002DF637 /* MyContentExtension.appex in Embed App Extensions */ = {isa = PBXBuildFile; fileRef = B85412811DE6A286002DF637 /* MyContentExtension.appex */; settings = {ATTRIBUTES = (RemoveHeadersOnCopy, ); }; };
		B85412961DE6A6ED002DF637 /* Constants.swift in Sources */ = {isa = PBXBuildFile; fileRef = B85412951DE6A6ED002DF637 /* Constants.swift */; };
		B85412981DE6A793002DF637 /* notificationCategory.png in Resources */ = {isa = PBXBuildFile; fileRef = B85412971DE6A793002DF637 /* notificationCategory.png */; };
		B85412991DE6A793002DF637 /* notificationCategory.png in Resources */ = {isa = PBXBuildFile; fileRef = B85412971DE6A793002DF637 /* notificationCategory.png */; };
/* End PBXBuildFile section */

/* Begin PBXContainerItemProxy section */
		B854128E1DE6A286002DF637 /* PBXContainerItemProxy */ = {
			isa = PBXContainerItemProxy;
			containerPortal = B854125E1DE63752002DF637 /* Project object */;
			proxyType = 1;
			remoteGlobalIDString = B85412801DE6A286002DF637;
			remoteInfo = MyContentExtension;
		};
/* End PBXContainerItemProxy section */

/* Begin PBXCopyFilesBuildPhase section */
		B85412941DE6A286002DF637 /* Embed App Extensions */ = {
			isa = PBXCopyFilesBuildPhase;
			buildActionMask = 2147483647;
			dstPath = "";
			dstSubfolderSpec = 13;
			files = (
				B85412901DE6A286002DF637 /* MyContentExtension.appex in Embed App Extensions */,
			);
			name = "Embed App Extensions";
			runOnlyForDeploymentPostprocessing = 0;
		};
/* End PBXCopyFilesBuildPhase section */

/* Begin PBXFileReference section */
		B85412661DE63752002DF637 /* NotificationsApp.app */ = {isa = PBXFileReference; explicitFileType = wrapper.application; includeInIndex = 0; path = NotificationsApp.app; sourceTree = BUILT_PRODUCTS_DIR; };
		B85412691DE63752002DF637 /* AppDelegate.swift */ = {isa = PBXFileReference; lastKnownFileType = sourcecode.swift; path = AppDelegate.swift; sourceTree = "<group>"; };
		B854126B1DE63752002DF637 /* ViewController.swift */ = {isa = PBXFileReference; lastKnownFileType = sourcecode.swift; path = ViewController.swift; sourceTree = "<group>"; };
		B854126E1DE63752002DF637 /* Base */ = {isa = PBXFileReference; lastKnownFileType = file.storyboard; name = Base; path = Base.lproj/Main.storyboard; sourceTree = "<group>"; };
		B85412701DE63752002DF637 /* Assets.xcassets */ = {isa = PBXFileReference; lastKnownFileType = folder.assetcatalog; path = Assets.xcassets; sourceTree = "<group>"; };
		B85412731DE63752002DF637 /* Base */ = {isa = PBXFileReference; lastKnownFileType = file.storyboard; name = Base; path = Base.lproj/LaunchScreen.storyboard; sourceTree = "<group>"; };
		B85412751DE63752002DF637 /* Info.plist */ = {isa = PBXFileReference; lastKnownFileType = text.plist.xml; path = Info.plist; sourceTree = "<group>"; };
		B854127B1DE69F1B002DF637 /* alex.png */ = {isa = PBXFileReference; lastKnownFileType = image.png; path = alex.png; sourceTree = "<group>"; };
		B85412811DE6A286002DF637 /* MyContentExtension.appex */ = {isa = PBXFileReference; explicitFileType = "wrapper.app-extension"; includeInIndex = 0; path = MyContentExtension.appex; sourceTree = BUILT_PRODUCTS_DIR; };
		B85412831DE6A286002DF637 /* UserNotifications.framework */ = {isa = PBXFileReference; lastKnownFileType = wrapper.framework; name = UserNotifications.framework; path = System/Library/Frameworks/UserNotifications.framework; sourceTree = SDKROOT; };
		B85412851DE6A286002DF637 /* UserNotificationsUI.framework */ = {isa = PBXFileReference; lastKnownFileType = wrapper.framework; name = UserNotificationsUI.framework; path = System/Library/Frameworks/UserNotificationsUI.framework; sourceTree = SDKROOT; };
		B85412881DE6A286002DF637 /* NotificationViewController.swift */ = {isa = PBXFileReference; lastKnownFileType = sourcecode.swift; path = NotificationViewController.swift; sourceTree = "<group>"; };
		B854128B1DE6A286002DF637 /* Base */ = {isa = PBXFileReference; lastKnownFileType = file.storyboard; name = Base; path = Base.lproj/MainInterface.storyboard; sourceTree = "<group>"; };
		B854128D1DE6A286002DF637 /* Info.plist */ = {isa = PBXFileReference; lastKnownFileType = text.plist.xml; path = Info.plist; sourceTree = "<group>"; };
		B85412951DE6A6ED002DF637 /* Constants.swift */ = {isa = PBXFileReference; fileEncoding = 4; lastKnownFileType = sourcecode.swift; path = Constants.swift; sourceTree = "<group>"; };
		B85412971DE6A793002DF637 /* notificationCategory.png */ = {isa = PBXFileReference; lastKnownFileType = image.png; path = notificationCategory.png; sourceTree = "<group>"; };
/* End PBXFileReference section */

/* Begin PBXFrameworksBuildPhase section */
		B85412631DE63752002DF637 /* Frameworks */ = {
			isa = PBXFrameworksBuildPhase;
			buildActionMask = 2147483647;
			files = (
			);
			runOnlyForDeploymentPostprocessing = 0;
		};
		B854127E1DE6A286002DF637 /* Frameworks */ = {
			isa = PBXFrameworksBuildPhase;
			buildActionMask = 2147483647;
			files = (
				B85412861DE6A286002DF637 /* UserNotificationsUI.framework in Frameworks */,
				B85412841DE6A286002DF637 /* UserNotifications.framework in Frameworks */,
			);
			runOnlyForDeploymentPostprocessing = 0;
		};
/* End PBXFrameworksBuildPhase section */

/* Begin PBXGroup section */
		B854125D1DE63752002DF637 = {
			isa = PBXGroup;
			children = (
				B85412681DE63752002DF637 /* NotificationsApp */,
				B85412871DE6A286002DF637 /* MyContentExtension */,
				B85412821DE6A286002DF637 /* Frameworks */,
				B85412671DE63752002DF637 /* Products */,
			);
			sourceTree = "<group>";
		};
		B85412671DE63752002DF637 /* Products */ = {
			isa = PBXGroup;
			children = (
				B85412661DE63752002DF637 /* NotificationsApp.app */,
				B85412811DE6A286002DF637 /* MyContentExtension.appex */,
			);
			name = Products;
			sourceTree = "<group>";
		};
		B85412681DE63752002DF637 /* NotificationsApp */ = {
			isa = PBXGroup;
			children = (
				B85412691DE63752002DF637 /* AppDelegate.swift */,
				B854126B1DE63752002DF637 /* ViewController.swift */,
				B854126D1DE63752002DF637 /* Main.storyboard */,
				B85412701DE63752002DF637 /* Assets.xcassets */,
				B85412721DE63752002DF637 /* LaunchScreen.storyboard */,
				B85412751DE63752002DF637 /* Info.plist */,
				B854127B1DE69F1B002DF637 /* alex.png */,
				B85412951DE6A6ED002DF637 /* Constants.swift */,
				B85412971DE6A793002DF637 /* notificationCategory.png */,
			);
			path = NotificationsApp;
			sourceTree = "<group>";
		};
		B85412821DE6A286002DF637 /* Frameworks */ = {
			isa = PBXGroup;
			children = (
				B85412831DE6A286002DF637 /* UserNotifications.framework */,
				B85412851DE6A286002DF637 /* UserNotificationsUI.framework */,
			);
			name = Frameworks;
			sourceTree = "<group>";
		};
		B85412871DE6A286002DF637 /* MyContentExtension */ = {
			isa = PBXGroup;
			children = (
				B85412881DE6A286002DF637 /* NotificationViewController.swift */,
				B854128A1DE6A286002DF637 /* MainInterface.storyboard */,
				B854128D1DE6A286002DF637 /* Info.plist */,
			);
			path = MyContentExtension;
			sourceTree = "<group>";
		};
/* End PBXGroup section */

/* Begin PBXNativeTarget section */
		B85412651DE63752002DF637 /* NotificationsApp */ = {
			isa = PBXNativeTarget;
			buildConfigurationList = B85412781DE63752002DF637 /* Build configuration list for PBXNativeTarget "NotificationsApp" */;
			buildPhases = (
				B85412621DE63752002DF637 /* Sources */,
				B85412631DE63752002DF637 /* Frameworks */,
				B85412641DE63752002DF637 /* Resources */,
				B85412941DE6A286002DF637 /* Embed App Extensions */,
			);
			buildRules = (
			);
			dependencies = (
				B854128F1DE6A286002DF637 /* PBXTargetDependency */,
			);
			name = NotificationsApp;
			productName = NotificationsApp;
			productReference = B85412661DE63752002DF637 /* NotificationsApp.app */;
			productType = "com.apple.product-type.application";
		};
		B85412801DE6A286002DF637 /* MyContentExtension */ = {
			isa = PBXNativeTarget;
			buildConfigurationList = B85412911DE6A286002DF637 /* Build configuration list for PBXNativeTarget "MyContentExtension" */;
			buildPhases = (
				B854127D1DE6A286002DF637 /* Sources */,
				B854127E1DE6A286002DF637 /* Frameworks */,
				B854127F1DE6A286002DF637 /* Resources */,
			);
			buildRules = (
			);
			dependencies = (
			);
			name = MyContentExtension;
			productName = MyContentExtension;
			productReference = B85412811DE6A286002DF637 /* MyContentExtension.appex */;
			productType = "com.apple.product-type.app-extension";
		};
/* End PBXNativeTarget section */

/* Begin PBXProject section */
		B854125E1DE63752002DF637 /* Project object */ = {
			isa = PBXProject;
			attributes = {
				LastSwiftUpdateCheck = 0810;
				LastUpgradeCheck = 0810;
				ORGANIZATIONNAME = "iulian david";
				TargetAttributes = {
					B85412651DE63752002DF637 = {
						CreatedOnToolsVersion = 8.1;
						DevelopmentTeam = BQ9WNW24Z8;
						ProvisioningStyle = Automatic;
					};
					B85412801DE6A286002DF637 = {
						CreatedOnToolsVersion = 8.1;
						DevelopmentTeam = BQ9WNW24Z8;
						ProvisioningStyle = Automatic;
					};
				};
			};
			buildConfigurationList = B85412611DE63752002DF637 /* Build configuration list for PBXProject "NotificationsApp" */;
			compatibilityVersion = "Xcode 3.2";
			developmentRegion = English;
			hasScannedForEncodings = 0;
			knownRegions = (
				en,
				Base,
			);
			mainGroup = B854125D1DE63752002DF637;
			productRefGroup = B85412671DE63752002DF637 /* Products */;
			projectDirPath = "";
			projectRoot = "";
			targets = (
				B85412651DE63752002DF637 /* NotificationsApp */,
				B85412801DE6A286002DF637 /* MyContentExtension */,
			);
		};
/* End PBXProject section */

/* Begin PBXResourcesBuildPhase section */
		B85412641DE63752002DF637 /* Resources */ = {
			isa = PBXResourcesBuildPhase;
			buildActionMask = 2147483647;
			files = (
				B85412741DE63752002DF637 /* LaunchScreen.storyboard in Resources */,
				B854127C1DE69F1B002DF637 /* alex.png in Resources */,
				B85412711DE63752002DF637 /* Assets.xcassets in Resources */,
				B85412981DE6A793002DF637 /* notificationCategory.png in Resources */,
				B854126F1DE63752002DF637 /* Main.storyboard in Resources */,
			);
			runOnlyForDeploymentPostprocessing = 0;
		};
		B854127F1DE6A286002DF637 /* Resources */ = {
			isa = PBXResourcesBuildPhase;
			buildActionMask = 2147483647;
			files = (
				B85412991DE6A793002DF637 /* notificationCategory.png in Resources */,
				B854128C1DE6A286002DF637 /* MainInterface.storyboard in Resources */,
			);
			runOnlyForDeploymentPostprocessing = 0;
		};
/* End PBXResourcesBuildPhase section */

/* Begin PBXSourcesBuildPhase section */
		B85412621DE63752002DF637 /* Sources */ = {
			isa = PBXSourcesBuildPhase;
			buildActionMask = 2147483647;
			files = (
				B854126C1DE63752002DF637 /* ViewController.swift in Sources */,
				B854126A1DE63752002DF637 /* AppDelegate.swift in Sources */,
				B85412961DE6A6ED002DF637 /* Constants.swift in Sources */,
			);
			runOnlyForDeploymentPostprocessing = 0;
		};
		B854127D1DE6A286002DF637 /* Sources */ = {
			isa = PBXSourcesBuildPhase;
			buildActionMask = 2147483647;
			files = (
				B85412891DE6A286002DF637 /* NotificationViewController.swift in Sources */,
			);
			runOnlyForDeploymentPostprocessing = 0;
		};
/* End PBXSourcesBuildPhase section */

/* Begin PBXTargetDependency section */
		B854128F1DE6A286002DF637 /* PBXTargetDependency */ = {
			isa = PBXTargetDependency;
			target = B85412801DE6A286002DF637 /* MyContentExtension */;
			targetProxy = B854128E1DE6A286002DF637 /* PBXContainerItemProxy */;
		};
/* End PBXTargetDependency section */

/* Begin PBXVariantGroup section */
		B854126D1DE63752002DF637 /* Main.storyboard */ = {
			isa = PBXVariantGroup;
			children = (
				B854126E1DE63752002DF637 /* Base */,
			);
			name = Main.storyboard;
			sourceTree = "<group>";
		};
		B85412721DE63752002DF637 /* LaunchScreen.storyboard */ = {
			isa = PBXVariantGroup;
			children = (
				B85412731DE63752002DF637 /* Base */,
			);
			name = LaunchScreen.storyboard;
			sourceTree = "<group>";
		};
		B854128A1DE6A286002DF637 /* MainInterface.storyboard */ = {
			isa = PBXVariantGroup;
			children = (
				B854128B1DE6A286002DF637 /* Base */,
			);
			name = MainInterface.storyboard;
			sourceTree = "<group>";
		};
/* End PBXVariantGroup section */

/* Begin XCBuildConfiguration section */
		B85412761DE63752002DF637 /* Debug */ = {
			isa = XCBuildConfiguration;
			buildSettings = {
				ALWAYS_SEARCH_USER_PATHS = NO;
				CLANG_ANALYZER_NONNULL = YES;
				CLANG_CXX_LANGUAGE_STANDARD = "gnu++0x";
				CLANG_CXX_LIBRARY = "libc++";
				CLANG_ENABLE_MODULES = YES;
				CLANG_ENABLE_OBJC_ARC = YES;
				CLANG_WARN_BOOL_CONVERSION = YES;
				CLANG_WARN_CONSTANT_CONVERSION = YES;
				CLANG_WARN_DIRECT_OBJC_ISA_USAGE = YES_ERROR;
				CLANG_WARN_DOCUMENTATION_COMMENTS = YES;
				CLANG_WARN_EMPTY_BODY = YES;
				CLANG_WARN_ENUM_CONVERSION = YES;
				CLANG_WARN_INFINITE_RECURSION = YES;
				CLANG_WARN_INT_CONVERSION = YES;
				CLANG_WARN_OBJC_ROOT_CLASS = YES_ERROR;
				CLANG_WARN_SUSPICIOUS_MOVES = YES;
				CLANG_WARN_UNREACHABLE_CODE = YES;
				CLANG_WARN__DUPLICATE_METHOD_MATCH = YES;
				"CODE_SIGN_IDENTITY[sdk=iphoneos*]" = "iPhone Developer";
				COPY_PHASE_STRIP = NO;
				DEBUG_INFORMATION_FORMAT = dwarf;
				ENABLE_STRICT_OBJC_MSGSEND = YES;
				ENABLE_TESTABILITY = YES;
				GCC_C_LANGUAGE_STANDARD = gnu99;
				GCC_DYNAMIC_NO_PIC = NO;
				GCC_NO_COMMON_BLOCKS = YES;
				GCC_OPTIMIZATION_LEVEL = 0;
				GCC_PREPROCESSOR_DEFINITIONS = (
					"DEBUG=1",
					"$(inherited)",
				);
				GCC_WARN_64_TO_32_BIT_CONVERSION = YES;
				GCC_WARN_ABOUT_RETURN_TYPE = YES_ERROR;
				GCC_WARN_UNDECLARED_SELECTOR = YES;
				GCC_WARN_UNINITIALIZED_AUTOS = YES_AGGRESSIVE;
				GCC_WARN_UNUSED_FUNCTION = YES;
				GCC_WARN_UNUSED_VARIABLE = YES;
				IPHONEOS_DEPLOYMENT_TARGET = 10.1;
				MTL_ENABLE_DEBUG_INFO = YES;
				ONLY_ACTIVE_ARCH = YES;
				SDKROOT = iphoneos;
				SWIFT_ACTIVE_COMPILATION_CONDITIONS = DEBUG;
				SWIFT_OPTIMIZATION_LEVEL = "-Onone";
				TARGETED_DEVICE_FAMILY = "1,2";
			};
			name = Debug;
		};
		B85412771DE63752002DF637 /* Release */ = {
			isa = XCBuildConfiguration;
			buildSettings = {
				ALWAYS_SEARCH_USER_PATHS = NO;
				CLANG_ANALYZER_NONNULL = YES;
				CLANG_CXX_LANGUAGE_STANDARD = "gnu++0x";
				CLANG_CXX_LIBRARY = "libc++";
				CLANG_ENABLE_MODULES = YES;
				CLANG_ENABLE_OBJC_ARC = YES;
				CLANG_WARN_BOOL_CONVERSION = YES;
				CLANG_WARN_CONSTANT_CONVERSION = YES;
				CLANG_WARN_DIRECT_OBJC_ISA_USAGE = YES_ERROR;
				CLANG_WARN_DOCUMENTATION_COMMENTS = YES;
				CLANG_WARN_EMPTY_BODY = YES;
				CLANG_WARN_ENUM_CONVERSION = YES;
				CLANG_WARN_INFINITE_RECURSION = YES;
				CLANG_WARN_INT_CONVERSION = YES;
				CLANG_WARN_OBJC_ROOT_CLASS = YES_ERROR;
				CLANG_WARN_SUSPICIOUS_MOVES = YES;
				CLANG_WARN_UNREACHABLE_CODE = YES;
				CLANG_WARN__DUPLICATE_METHOD_MATCH = YES;
				"CODE_SIGN_IDENTITY[sdk=iphoneos*]" = "iPhone Developer";
				COPY_PHASE_STRIP = NO;
				DEBUG_INFORMATION_FORMAT = "dwarf-with-dsym";
				ENABLE_NS_ASSERTIONS = NO;
				ENABLE_STRICT_OBJC_MSGSEND = YES;
				GCC_C_LANGUAGE_STANDARD = gnu99;
				GCC_NO_COMMON_BLOCKS = YES;
				GCC_WARN_64_TO_32_BIT_CONVERSION = YES;
				GCC_WARN_ABOUT_RETURN_TYPE = YES_ERROR;
				GCC_WARN_UNDECLARED_SELECTOR = YES;
				GCC_WARN_UNINITIALIZED_AUTOS = YES_AGGRESSIVE;
				GCC_WARN_UNUSED_FUNCTION = YES;
				GCC_WARN_UNUSED_VARIABLE = YES;
				IPHONEOS_DEPLOYMENT_TARGET = 10.1;
				MTL_ENABLE_DEBUG_INFO = NO;
				SDKROOT = iphoneos;
				SWIFT_OPTIMIZATION_LEVEL = "-Owholemodule";
				TARGETED_DEVICE_FAMILY = "1,2";
				VALIDATE_PRODUCT = YES;
			};
			name = Release;
		};
		B85412791DE63752002DF637 /* Debug */ = {
			isa = XCBuildConfiguration;
			buildSettings = {
				ALWAYS_EMBED_SWIFT_STANDARD_LIBRARIES = YES;
				ASSETCATALOG_COMPILER_APPICON_NAME = AppIcon;
				DEVELOPMENT_TEAM = BQ9WNW24Z8;
				INFOPLIST_FILE = NotificationsApp/Info.plist;
				LD_RUNPATH_SEARCH_PATHS = "$(inherited) @executable_path/Frameworks";
				PRODUCT_BUNDLE_IDENTIFIER = com.id.NotificationsApp;
				PRODUCT_NAME = "$(TARGET_NAME)";
				SWIFT_VERSION = 3.0;
			};
			name = Debug;
		};
		B854127A1DE63752002DF637 /* Release */ = {
			isa = XCBuildConfiguration;
			buildSettings = {
				ALWAYS_EMBED_SWIFT_STANDARD_LIBRARIES = YES;
				ASSETCATALOG_COMPILER_APPICON_NAME = AppIcon;
				DEVELOPMENT_TEAM = BQ9WNW24Z8;
				INFOPLIST_FILE = NotificationsApp/Info.plist;
				LD_RUNPATH_SEARCH_PATHS = "$(inherited) @executable_path/Frameworks";
				PRODUCT_BUNDLE_IDENTIFIER = com.id.NotificationsApp;
				PRODUCT_NAME = "$(TARGET_NAME)";
				SWIFT_VERSION = 3.0;
			};
			name = Release;
		};
		B85412921DE6A286002DF637 /* Debug */ = {
			isa = XCBuildConfiguration;
			buildSettings = {
				DEVELOPMENT_TEAM = BQ9WNW24Z8;
				INFOPLIST_FILE = MyContentExtension/Info.plist;
				LD_RUNPATH_SEARCH_PATHS = "$(inherited) @executable_path/Frameworks @executable_path/../../Frameworks";
				PRODUCT_BUNDLE_IDENTIFIER = com.id.NotificationsApp.MyContentExtension;
				PRODUCT_NAME = "$(TARGET_NAME)";
				SKIP_INSTALL = YES;
				SWIFT_VERSION = 3.0;
			};
			name = Debug;
		};
		B85412931DE6A286002DF637 /* Release */ = {
			isa = XCBuildConfiguration;
			buildSettings = {
				DEVELOPMENT_TEAM = BQ9WNW24Z8;
				INFOPLIST_FILE = MyContentExtension/Info.plist;
				LD_RUNPATH_SEARCH_PATHS = "$(inherited) @executable_path/Frameworks @executable_path/../../Frameworks";
				PRODUCT_BUNDLE_IDENTIFIER = com.id.NotificationsApp.MyContentExtension;
				PRODUCT_NAME = "$(TARGET_NAME)";
				SKIP_INSTALL = YES;
				SWIFT_VERSION = 3.0;
			};
			name = Release;
		};
/* End XCBuildConfiguration section */

/* Begin XCConfigurationList section */
		B85412611DE63752002DF637 /* Build configuration list for PBXProject "NotificationsApp" */ = {
			isa = XCConfigurationList;
			buildConfigurations = (
				B85412761DE63752002DF637 /* Debug */,
				B85412771DE63752002DF637 /* Release */,
			);
			defaultConfigurationIsVisible = 0;
			defaultConfigurationName = Release;
		};
		B85412781DE63752002DF637 /* Build configuration list for PBXNativeTarget "NotificationsApp" */ = {
			isa = XCConfigurationList;
			buildConfigurations = (
				B85412791DE63752002DF637 /* Debug */,
				B854127A1DE63752002DF637 /* Release */,
			);
			defaultConfigurationIsVisible = 0;
		};
		B85412911DE6A286002DF637 /* Build configuration list for PBXNativeTarget "MyContentExtension" */ = {
			isa = XCConfigurationList;
			buildConfigurations = (
				B85412921DE6A286002DF637 /* Debug */,
				B85412931DE6A286002DF637 /* Release */,
			);
			defaultConfigurationIsVisible = 0;
		};
/* End XCConfigurationList section */
	};
	rootObject = B854125E1DE63752002DF637 /* Project object */;
}
